
Microsoft Visual Studio Solution File, Format Version 12.00
# Visual Studio 15
VisualStudioVersion = 15.0.28307.106
MinimumVisualStudioVersion = 10.0.40219.1
Project("{FAE04EC0-301F-11D3-BF4B-00C04F79EFBC}") = "PERSONELTRACKING", "PERSONELTRACKING\PERSONELTRACKING.csproj", "{457BAA4C-89B2-4D9E-9CC0-B1036E2441E1}"
EndProject
Project("{FAE04EC0-301F-11D3-BF4B-00C04F79EFBC}") = "BLL", "BLL\BLL.csproj", "{24242E54-2E4A-4992-B30F-628EFAAF115E}"
EndProject
Project("{FAE04EC0-301F-11D3-BF4B-00C04F79EFBC}") = "DAL", "DAL\DAL.csproj", "{D8C8E3E7-3988-49DD-903C-DE587F0E30D4}"
EndProject
Global
	GlobalSection(SolutionConfigurationPlatforms) = preSolution
		Debug|Any CPU = Debug|Any CPU
		Release|Any CPU = Release|Any CPU
	EndGlobalSection
	GlobalSection(ProjectConfigurationPlatforms) = postSolution
		{457BAA4C-89B2-4D9E-9CC0-B1036E2441E1}.Debug|Any CPU.ActiveCfg = Debug|Any CPU
		{457BAA4C-89B2-4D9E-9CC0-B1036E2441E1}.Debug|Any CPU.Build.0 = Debug|Any CPU
		{457BAA4C-89B2-4D9E-9CC0-B1036E2441E1}.Release|Any CPU.ActiveCfg = Release|Any CPU
		{457BAA4C-89B2-4D9E-9CC0-B1036E2441E1}.Release|Any CPU.Build.0 = Release|Any CPU
		{24242E54-2E4A-4992-B30F-628EFAAF115E}.Debug|Any CPU.ActiveCfg = Debug|Any CPU
		{24242E54-2E4A-4992-B30F-628EFAAF115E}.Debug|Any CPU.Build.0 = Debug|Any CPU
		{24242E54-2E4A-4992-B30F-628EFAAF115E}.Release|Any CPU.ActiveCfg = Release|Any CPU
		{24242E54-2E4A-4992-B30F-628EFAAF115E}.Release|Any CPU.Build.0 = Release|Any CPU
		{D8C8E3E7-3988-49DD-903C-DE587F0E30D4}.Debug|Any CPU.ActiveCfg = Debug|Any CPU
		{D8C8E3E7-3988-49DD-903C-DE587F0E30D4}.Debug|Any CPU.Build.0 = Debug|Any CPU
		{D8C8E3E7-3988-49DD-903C-DE587F0E30D4}.Release|Any CPU.ActiveCfg = Release|Any CPU
		{D8C8E3E7-3988-49DD-903C-DE587F0E30D4}.Release|Any CPU.Build.0 = Release|Any CPU
	EndGlobalSection
	GlobalSection(SolutionProperties) = preSolution
		HideSolutionNode = FALSE
	EndGlobalSection
	GlobalSection(ExtensibilityGlobals) = postSolution
		SolutionGuid = {5263EC50-7EDB-4BE8-BDF2-28427664B790}
	EndGlobalSection
EndGlobal
